{
  "pins" : [
    {
      "identity" : "cocoaasyncsocket",
      "kind" : "remoteSourceControl",
      "location" : "https://github.com/marciogranzotto/CocoaAsyncSocket",
      "state" : {
        "branch" : "master",
        "revision" : "16a159ba383c33ad5b55a5c77824e23ac2910997"
      }
    },
    {
      "identity" : "httpparserc",
      "kind" : "remoteSourceControl",
      "location" : "https://github.com/Building42/HTTPParserC",
      "state" : {
        "revision" : "75f12587ccf3296827d3f97e2a69a5865acc4d98",
        "version" : "2.9.4"
      }
    }
  ],
  "version" : 2
}
